// !$*UTF8*$!
{
	archiveVersion = 1;
	classes = {
	};
	objectVersion = 46;
	objects = {

/* Begin PBXBuildFile section */
		0DA4EED21DB1435500F65A9A /* main.swift in Sources */ = {isa = PBXBuildFile; fileRef = 0DA4EED11DB1435500F65A9A /* main.swift */; };
		0DA4EED91DB1439300F65A9A /* HueBridge.swift in Sources */ = {isa = PBXBuildFile; fileRef = 0DA4EED81DB1439300F65A9A /* HueBridge.swift */; };
		0DA4EEDC1DB1445400F65A9A /* libcurl.tbd in Frameworks */ = {isa = PBXBuildFile; fileRef = 0DA4EEDB1DB1445400F65A9A /* libcurl.tbd */; };
/* End PBXBuildFile section */

/* Begin PBXCopyFilesBuildPhase section */
		0DA4EECC1DB1435500F65A9A /* CopyFiles */ = {
			isa = PBXCopyFilesBuildPhase;
			buildActionMask = 2147483647;
			dstPath = /usr/share/man/man1/;
			dstSubfolderSpec = 0;
			files = (
			);
			runOnlyForDeploymentPostprocessing = 1;
		};
/* End PBXCopyFilesBuildPhase section */

/* Begin PBXFileReference section */
		0DA4EECE1DB1435500F65A9A /* lazerbeamz */ = {isa = PBXFileReference; explicitFileType = "compiled.mach-o.executable"; includeInIndex = 0; path = lazerbeamz; sourceTree = BUILT_PRODUCTS_DIR; };
		0DA4EED11DB1435500F65A9A /* main.swift */ = {isa = PBXFileReference; lastKnownFileType = sourcecode.swift; path = main.swift; sourceTree = "<group>"; };
		0DA4EED81DB1439300F65A9A /* HueBridge.swift */ = {isa = PBXFileReference; fileEncoding = 4; lastKnownFileType = sourcecode.swift; path = HueBridge.swift; sourceTree = "<group>"; };
		0DA4EEDB1DB1445400F65A9A /* libcurl.tbd */ = {isa = PBXFileReference; lastKnownFileType = "sourcecode.text-based-dylib-definition"; name = libcurl.tbd; path = usr/lib/libcurl.tbd; sourceTree = SDKROOT; };
/* End PBXFileReference section */

/* Begin PBXFrameworksBuildPhase section */
		0DA4EECB1DB1435500F65A9A /* Frameworks */ = {
			isa = PBXFrameworksBuildPhase;
			buildActionMask = 2147483647;
			files = (
				0DA4EEDC1DB1445400F65A9A /* libcurl.tbd in Frameworks */,
			);
			runOnlyForDeploymentPostprocessing = 0;
		};
/* End PBXFrameworksBuildPhase section */

/* Begin PBXGroup section */
		0DA4EEC51DB1435500F65A9A = {
			isa = PBXGroup;
			children = (
				0DA4EED01DB1435500F65A9A /* lazerbeamz */,
				0DA4EECF1DB1435500F65A9A /* Products */,
				0DA4EEDA1DB1445400F65A9A /* Frameworks */,
			);
			sourceTree = "<group>";
		};
		0DA4EECF1DB1435500F65A9A /* Products */ = {
			isa = PBXGroup;
			children = (
				0DA4EECE1DB1435500F65A9A /* lazerbeamz */,
			);
			name = Products;
			sourceTree = "<group>";
		};
		0DA4EED01DB1435500F65A9A /* lazerbeamz */ = {
			isa = PBXGroup;
			children = (
				0DA4EED11DB1435500F65A9A /* main.swift */,
				0DA4EED81DB1439300F65A9A /* HueBridge.swift */,
			);
			path = lazerbeamz;
			sourceTree = "<group>";
		};
		0DA4EEDA1DB1445400F65A9A /* Frameworks */ = {
			isa = PBXGroup;
			children = (
				0DA4EEDB1DB1445400F65A9A /* libcurl.tbd */,
			);
			name = Frameworks;
			sourceTree = "<group>";
		};
/* End PBXGroup section */

/* Begin PBXNativeTarget section */
		0DA4EECD1DB1435500F65A9A /* lazerbeamz */ = {
			isa = PBXNativeTarget;
			buildConfigurationList = 0DA4EED51DB1435500F65A9A /* Build configuration list for PBXNativeTarget "lazerbeamz" */;
			buildPhases = (
				0DA4EECA1DB1435500F65A9A /* Sources */,
				0DA4EECB1DB1435500F65A9A /* Frameworks */,
				0DA4EECC1DB1435500F65A9A /* CopyFiles */,
			);
			buildRules = (
			);
			dependencies = (
			);
			name = lazerbeamz;
			productName = lazerbeamz;
			productReference = 0DA4EECE1DB1435500F65A9A /* lazerbeamz */;
			productType = "com.apple.product-type.tool";
		};
/* End PBXNativeTarget section */

/* Begin PBXProject section */
		0DA4EEC61DB1435500F65A9A /* Project object */ = {
			isa = PBXProject;
			attributes = {
				LastSwiftUpdateCheck = 0800;
				LastUpgradeCheck = 0800;
				ORGANIZATIONNAME = "Suborbital Softowrks Ltd.";
				TargetAttributes = {
					0DA4EECD1DB1435500F65A9A = {
						CreatedOnToolsVersion = 8.0;
						DevelopmentTeam = V4B772B3P8;
						ProvisioningStyle = Automatic;
					};
				};
			};
			buildConfigurationList = 0DA4EEC91DB1435500F65A9A /* Build configuration list for PBXProject "lazerbeamz" */;
			compatibilityVersion = "Xcode 3.2";
			developmentRegion = English;
			hasScannedForEncodings = 0;
			knownRegions = (
				en,
			);
			mainGroup = 0DA4EEC51DB1435500F65A9A;
			productRefGroup = 0DA4EECF1DB1435500F65A9A /* Products */;
			projectDirPath = "";
			projectRoot = "";
			targets = (
				0DA4EECD1DB1435500F65A9A /* lazerbeamz */,
			);
		};
/* End PBXProject section */

/* Begin PBXSourcesBuildPhase section */
		0DA4EECA1DB1435500F65A9A /* Sources */ = {
			isa = PBXSourcesBuildPhase;
			buildActionMask = 2147483647;
			files = (
				0DA4EED21DB1435500F65A9A /* main.swift in Sources */,
				0DA4EED91DB1439300F65A9A /* HueBridge.swift in Sources */,
			);
			runOnlyForDeploymentPostprocessing = 0;
		};
/* End PBXSourcesBuildPhase section */

/* Begin XCBuildConfiguration section */
		0DA4EED31DB1435500F65A9A /* Debug */ = {
			isa = XCBuildConfiguration;
			buildSettings = {
				ALWAYS_SEARCH_USER_PATHS = NO;
				CLANG_ANALYZER_NONNULL = YES;
				CLANG_CXX_LANGUAGE_STANDARD = "gnu++0x";
				CLANG_CXX_LIBRARY = "libc++";
				CLANG_ENABLE_MODULES = YES;
				CLANG_ENABLE_OBJC_ARC = YES;
				CLANG_WARN_BOOL_CONVERSION = YES;
				CLANG_WARN_CONSTANT_CONVERSION = YES;
				CLANG_WARN_DIRECT_OBJC_ISA_USAGE = YES_ERROR;
				CLANG_WARN_DOCUMENTATION_COMMENTS = YES;
				CLANG_WARN_EMPTY_BODY = YES;
				CLANG_WARN_ENUM_CONVERSION = YES;
				CLANG_WARN_INFINITE_RECURSION = YES;
				CLANG_WARN_INT_CONVERSION = YES;
				CLANG_WARN_OBJC_ROOT_CLASS = YES_ERROR;
				CLANG_WARN_SUSPICIOUS_MOVES = YES;
				CLANG_WARN_UNREACHABLE_CODE = YES;
				CLANG_WARN__DUPLICATE_METHOD_MATCH = YES;
				CODE_SIGN_IDENTITY = "-";
				COPY_PHASE_STRIP = NO;
				DEBUG_INFORMATION_FORMAT = dwarf;
				ENABLE_STRICT_OBJC_MSGSEND = YES;
				ENABLE_TESTABILITY = YES;
				GCC_C_LANGUAGE_STANDARD = gnu99;
				GCC_DYNAMIC_NO_PIC = NO;
				GCC_NO_COMMON_BLOCKS = YES;
				GCC_OPTIMIZATION_LEVEL = 0;
				GCC_PREPROCESSOR_DEFINITIONS = (
					"DEBUG=1",
					"$(inherited)",
				);
				GCC_WARN_64_TO_32_BIT_CONVERSION = YES;
				GCC_WARN_ABOUT_RETURN_TYPE = YES_ERROR;
				GCC_WARN_UNDECLARED_SELECTOR = YES;
				GCC_WARN_UNINITIALIZED_AUTOS = YES_AGGRESSIVE;
				GCC_WARN_UNUSED_FUNCTION = YES;
				GCC_WARN_UNUSED_VARIABLE = YES;
				MACOSX_DEPLOYMENT_TARGET = 10.12;
				MTL_ENABLE_DEBUG_INFO = YES;
				ONLY_ACTIVE_ARCH = YES;
				SDKROOT = macosx;
				SWIFT_OPTIMIZATION_LEVEL = "-Onone";
			};
			name = Debug;
		};
		0DA4EED41DB1435500F65A9A /* Release */ = {
			isa = XCBuildConfiguration;
			buildSettings = {
				ALWAYS_SEARCH_USER_PATHS = NO;
				CLANG_ANALYZER_NONNULL = YES;
				CLANG_CXX_LANGUAGE_STANDARD = "gnu++0x";
				CLANG_CXX_LIBRARY = "libc++";
				CLANG_ENABLE_MODULES = YES;
				CLANG_ENABLE_OBJC_ARC = YES;
				CLANG_WARN_BOOL_CONVERSION = YES;
				CLANG_WARN_CONSTANT_CONVERSION = YES;
				CLANG_WARN_DIRECT_OBJC_ISA_USAGE = YES_ERROR;
				CLANG_WARN_DOCUMENTATION_COMMENTS = YES;
				CLANG_WARN_EMPTY_BODY = YES;
				CLANG_WARN_ENUM_CONVERSION = YES;
				CLANG_WARN_INFINITE_RECURSION = YES;
				CLANG_WARN_INT_CONVERSION = YES;
				CLANG_WARN_OBJC_ROOT_CLASS = YES_ERROR;
				CLANG_WARN_SUSPICIOUS_MOVES = YES;
				CLANG_WARN_UNREACHABLE_CODE = YES;
				CLANG_WARN__DUPLICATE_METHOD_MATCH = YES;
				CODE_SIGN_IDENTITY = "-";
				COPY_PHASE_STRIP = NO;
				DEBUG_INFORMATION_FORMAT = "dwarf-with-dsym";
				ENABLE_NS_ASSERTIONS = NO;
				ENABLE_STRICT_OBJC_MSGSEND = YES;
				GCC_C_LANGUAGE_STANDARD = gnu99;
				GCC_NO_COMMON_BLOCKS = YES;
				GCC_WARN_64_TO_32_BIT_CONVERSION = YES;
				GCC_WARN_ABOUT_RETURN_TYPE = YES_ERROR;
				GCC_WARN_UNDECLARED_SELECTOR = YES;
				GCC_WARN_UNINITIALIZED_AUTOS = YES_AGGRESSIVE;
				GCC_WARN_UNUSED_FUNCTION = YES;
				GCC_WARN_UNUSED_VARIABLE = YES;
				MACOSX_DEPLOYMENT_TARGET = 10.12;
				MTL_ENABLE_DEBUG_INFO = NO;
				SDKROOT = macosx;
			};
			name = Release;
		};
		0DA4EED61DB1435500F65A9A /* Debug */ = {
			isa = XCBuildConfiguration;
			buildSettings = {
				DEVELOPMENT_TEAM = V4B772B3P8;
				PRODUCT_NAME = "$(TARGET_NAME)";
				SWIFT_VERSION = 3.0;
			};
			name = Debug;
		};
		0DA4EED71DB1435500F65A9A /* Release */ = {
			isa = XCBuildConfiguration;
			buildSettings = {
				DEVELOPMENT_TEAM = V4B772B3P8;
				PRODUCT_NAME = "$(TARGET_NAME)";
				SWIFT_VERSION = 3.0;
			};
			name = Release;
		};
/* End XCBuildConfiguration section */

/* Begin XCConfigurationList section */
		0DA4EEC91DB1435500F65A9A /* Build configuration list for PBXProject "lazerbeamz" */ = {
			isa = XCConfigurationList;
			buildConfigurations = (
				0DA4EED31DB1435500F65A9A /* Debug */,
				0DA4EED41DB1435500F65A9A /* Release */,
			);
			defaultConfigurationIsVisible = 0;
			defaultConfigurationName = Release;
		};
		0DA4EED51DB1435500F65A9A /* Build configuration list for PBXNativeTarget "lazerbeamz" */ = {
			isa = XCConfigurationList;
			buildConfigurations = (
				0DA4EED61DB1435500F65A9A /* Debug */,
				0DA4EED71DB1435500F65A9A /* Release */,
			);
			defaultConfigurationIsVisible = 0;
		};
/* End XCConfigurationList section */
	};
	rootObject = 0DA4EEC61DB1435500F65A9A /* Project object */;
}
